
Microsoft Visual Studio Solution File, Format Version 12.00
# Visual Studio Version 17
VisualStudioVersion = 17.0.32126.317
MinimumVisualStudioVersion = 10.0.40219.1
Project("{FAE04EC0-301F-11D3-BF4B-00C04F79EFBC}") = "Imperium", "Imperium\Imperium.csproj", "{A4BDA972-CB65-45E1-88CD-4DE84CBBD2D7}"
EndProject
Global
	GlobalSection(SolutionConfigurationPlatforms) = preSolution
		Debug|Any CPU = Debug|Any CPU
		Release|Any CPU = Release|Any CPU
	EndGlobalSection
	GlobalSection(ProjectConfigurationPlatforms) = postSolution
		{A4BDA972-CB65-45E1-88CD-4DE84CBBD2D7}.Debug|Any CPU.ActiveCfg = Debug|Any CPU
		{A4BDA972-CB65-45E1-88CD-4DE84CBBD2D7}.Debug|Any CPU.Build.0 = Debug|Any CPU
		{A4BDA972-CB65-45E1-88CD-4DE84CBBD2D7}.Release|Any CPU.ActiveCfg = Release|Any CPU
		{A4BDA972-CB65-45E1-88CD-4DE84CBBD2D7}.Release|Any CPU.Build.0 = Release|Any CPU
	EndGlobalSection
	GlobalSection(SolutionProperties) = preSolution
		HideSolutionNode = FALSE
	EndGlobalSection
	GlobalSection(ExtensibilityGlobals) = postSolution
		SolutionGuid = {C5D97D39-3727-492A-8AFD-A1074A398747}
	EndGlobalSection
EndGlobal
